// !$*UTF8*$!
{
	archiveVersion = 1;
	classes = {
	};
	objectVersion = 46;
	objects = {

/* Begin PBXBuildFile section */
		F7089BDA1C88308700FD4BA7 /* AppDelegate.swift in Sources */ = {isa = PBXBuildFile; fileRef = F7089BD91C88308700FD4BA7 /* AppDelegate.swift */; };
		F7089BDC1C88308700FD4BA7 /* ViewController.swift in Sources */ = {isa = PBXBuildFile; fileRef = F7089BDB1C88308700FD4BA7 /* ViewController.swift */; };
		F7089BDF1C88308700FD4BA7 /* Main.storyboard in Resources */ = {isa = PBXBuildFile; fileRef = F7089BDD1C88308700FD4BA7 /* Main.storyboard */; };
		F7089BE11C88308700FD4BA7 /* Assets.xcassets in Resources */ = {isa = PBXBuildFile; fileRef = F7089BE01C88308700FD4BA7 /* Assets.xcassets */; };
		F7089BE41C88308700FD4BA7 /* LaunchScreen.storyboard in Resources */ = {isa = PBXBuildFile; fileRef = F7089BE21C88308700FD4BA7 /* LaunchScreen.storyboard */; };
		F7089BEC1C88310700FD4BA7 /* tableViewController.swift in Sources */ = {isa = PBXBuildFile; fileRef = F7089BEB1C88310700FD4BA7 /* tableViewController.swift */; };
		F7CF5A581C8D7D05004CBCF1 /* SampleTableViewCell.swift in Sources */ = {isa = PBXBuildFile; fileRef = F7CF5A561C8D7D05004CBCF1 /* SampleTableViewCell.swift */; };
		F7CF5A591C8D7D05004CBCF1 /* SampleTableViewCell.xib in Resources */ = {isa = PBXBuildFile; fileRef = F7CF5A571C8D7D05004CBCF1 /* SampleTableViewCell.xib */; };
/* End PBXBuildFile section */

/* Begin PBXFileReference section */
		F7089BD61C88308700FD4BA7 /* tableviewexample.app */ = {isa = PBXFileReference; explicitFileType = wrapper.application; includeInIndex = 0; path = tableviewexample.app; sourceTree = BUILT_PRODUCTS_DIR; };
		F7089BD91C88308700FD4BA7 /* AppDelegate.swift */ = {isa = PBXFileReference; lastKnownFileType = sourcecode.swift; path = AppDelegate.swift; sourceTree = "<group>"; };
		F7089BDB1C88308700FD4BA7 /* ViewController.swift */ = {isa = PBXFileReference; lastKnownFileType = sourcecode.swift; path = ViewController.swift; sourceTree = "<group>"; };
		F7089BDE1C88308700FD4BA7 /* Base */ = {isa = PBXFileReference; lastKnownFileType = file.storyboard; name = Base; path = Base.lproj/Main.storyboard; sourceTree = "<group>"; };
		F7089BE01C88308700FD4BA7 /* Assets.xcassets */ = {isa = PBXFileReference; lastKnownFileType = folder.assetcatalog; path = Assets.xcassets; sourceTree = "<group>"; };
		F7089BE31C88308700FD4BA7 /* Base */ = {isa = PBXFileReference; lastKnownFileType = file.storyboard; name = Base; path = Base.lproj/LaunchScreen.storyboard; sourceTree = "<group>"; };
		F7089BE51C88308700FD4BA7 /* Info.plist */ = {isa = PBXFileReference; lastKnownFileType = text.plist.xml; path = Info.plist; sourceTree = "<group>"; };
		F7089BEB1C88310700FD4BA7 /* tableViewController.swift */ = {isa = PBXFileReference; fileEncoding = 4; lastKnownFileType = sourcecode.swift; path = tableViewController.swift; sourceTree = "<group>"; };
		F7CF5A561C8D7D05004CBCF1 /* SampleTableViewCell.swift */ = {isa = PBXFileReference; fileEncoding = 4; lastKnownFileType = sourcecode.swift; path = SampleTableViewCell.swift; sourceTree = "<group>"; };
		F7CF5A571C8D7D05004CBCF1 /* SampleTableViewCell.xib */ = {isa = PBXFileReference; fileEncoding = 4; lastKnownFileType = file.xib; path = SampleTableViewCell.xib; sourceTree = "<group>"; };
/* End PBXFileReference section */

/* Begin PBXFrameworksBuildPhase section */
		F7089BD31C88308700FD4BA7 /* Frameworks */ = {
			isa = PBXFrameworksBuildPhase;
			buildActionMask = 2147483647;
			files = (
			);
			runOnlyForDeploymentPostprocessing = 0;
		};
/* End PBXFrameworksBuildPhase section */

/* Begin PBXGroup section */
		F7089BCD1C88308700FD4BA7 = {
			isa = PBXGroup;
			children = (
				F7089BD81C88308700FD4BA7 /* tableviewexample */,
				F7089BD71C88308700FD4BA7 /* Products */,
			);
			sourceTree = "<group>";
		};
		F7089BD71C88308700FD4BA7 /* Products */ = {
			isa = PBXGroup;
			children = (
				F7089BD61C88308700FD4BA7 /* tableviewexample.app */,
			);
			name = Products;
			sourceTree = "<group>";
		};
		F7089BD81C88308700FD4BA7 /* tableviewexample */ = {
			isa = PBXGroup;
			children = (
				F7089BD91C88308700FD4BA7 /* AppDelegate.swift */,
				F7089BDB1C88308700FD4BA7 /* ViewController.swift */,
				F7089BEB1C88310700FD4BA7 /* tableViewController.swift */,
				F7089BDD1C88308700FD4BA7 /* Main.storyboard */,
				F7089BE01C88308700FD4BA7 /* Assets.xcassets */,
				F7089BE21C88308700FD4BA7 /* LaunchScreen.storyboard */,
				F7089BE51C88308700FD4BA7 /* Info.plist */,
				F7CF5A561C8D7D05004CBCF1 /* SampleTableViewCell.swift */,
				F7CF5A571C8D7D05004CBCF1 /* SampleTableViewCell.xib */,
			);
			path = tableviewexample;
			sourceTree = "<group>";
		};
/* End PBXGroup section */

/* Begin PBXNativeTarget section */
		F7089BD51C88308700FD4BA7 /* tableviewexample */ = {
			isa = PBXNativeTarget;
			buildConfigurationList = F7089BE81C88308700FD4BA7 /* Build configuration list for PBXNativeTarget "tableviewexample" */;
			buildPhases = (
				F7089BD21C88308700FD4BA7 /* Sources */,
				F7089BD31C88308700FD4BA7 /* Frameworks */,
				F7089BD41C88308700FD4BA7 /* Resources */,
			);
			buildRules = (
			);
			dependencies = (
			);
			name = tableviewexample;
			productName = tableviewexample;
			productReference = F7089BD61C88308700FD4BA7 /* tableviewexample.app */;
			productType = "com.apple.product-type.application";
		};
/* End PBXNativeTarget section */

/* Begin PBXProject section */
		F7089BCE1C88308700FD4BA7 /* Project object */ = {
			isa = PBXProject;
			attributes = {
				LastUpgradeCheck = 0700;
				ORGANIZATIONNAME = ashok.londhe;
				TargetAttributes = {
					F7089BD51C88308700FD4BA7 = {
						CreatedOnToolsVersion = 7.0.1;
					};
				};
			};
			buildConfigurationList = F7089BD11C88308700FD4BA7 /* Build configuration list for PBXProject "tableviewexample" */;
			compatibilityVersion = "Xcode 3.2";
			developmentRegion = English;
			hasScannedForEncodings = 0;
			knownRegions = (
				en,
				Base,
			);
			mainGroup = F7089BCD1C88308700FD4BA7;
			productRefGroup = F7089BD71C88308700FD4BA7 /* Products */;
			projectDirPath = "";
			projectRoot = "";
			targets = (
				F7089BD51C88308700FD4BA7 /* tableviewexample */,
			);
		};
/* End PBXProject section */

/* Begin PBXResourcesBuildPhase section */
		F7089BD41C88308700FD4BA7 /* Resources */ = {
			isa = PBXResourcesBuildPhase;
			buildActionMask = 2147483647;
			files = (
				F7089BE41C88308700FD4BA7 /* LaunchScreen.storyboard in Resources */,
				F7CF5A591C8D7D05004CBCF1 /* SampleTableViewCell.xib in Resources */,
				F7089BE11C88308700FD4BA7 /* Assets.xcassets in Resources */,
				F7089BDF1C88308700FD4BA7 /* Main.storyboard in Resources */,
			);
			runOnlyForDeploymentPostprocessing = 0;
		};
/* End PBXResourcesBuildPhase section */

/* Begin PBXSourcesBuildPhase section */
		F7089BD21C88308700FD4BA7 /* Sources */ = {
			isa = PBXSourcesBuildPhase;
			buildActionMask = 2147483647;
			files = (
				F7089BEC1C88310700FD4BA7 /* tableViewController.swift in Sources */,
				F7CF5A581C8D7D05004CBCF1 /* SampleTableViewCell.swift in Sources */,
				F7089BDC1C88308700FD4BA7 /* ViewController.swift in Sources */,
				F7089BDA1C88308700FD4BA7 /* AppDelegate.swift in Sources */,
			);
			runOnlyForDeploymentPostprocessing = 0;
		};
/* End PBXSourcesBuildPhase section */

/* Begin PBXVariantGroup section */
		F7089BDD1C88308700FD4BA7 /* Main.storyboard */ = {
			isa = PBXVariantGroup;
			children = (
				F7089BDE1C88308700FD4BA7 /* Base */,
			);
			name = Main.storyboard;
			sourceTree = "<group>";
		};
		F7089BE21C88308700FD4BA7 /* LaunchScreen.storyboard */ = {
			isa = PBXVariantGroup;
			children = (
				F7089BE31C88308700FD4BA7 /* Base */,
			);
			name = LaunchScreen.storyboard;
			sourceTree = "<group>";
		};
/* End PBXVariantGroup section */

/* Begin XCBuildConfiguration section */
		F7089BE61C88308700FD4BA7 /* Debug */ = {
			isa = XCBuildConfiguration;
			buildSettings = {
				ALWAYS_SEARCH_USER_PATHS = NO;
				CLANG_CXX_LANGUAGE_STANDARD = "gnu++0x";
				CLANG_CXX_LIBRARY = "libc++";
				CLANG_ENABLE_MODULES = YES;
				CLANG_ENABLE_OBJC_ARC = YES;
				CLANG_WARN_BOOL_CONVERSION = YES;
				CLANG_WARN_CONSTANT_CONVERSION = YES;
				CLANG_WARN_DIRECT_OBJC_ISA_USAGE = YES_ERROR;
				CLANG_WARN_EMPTY_BODY = YES;
				CLANG_WARN_ENUM_CONVERSION = YES;
				CLANG_WARN_INT_CONVERSION = YES;
				CLANG_WARN_OBJC_ROOT_CLASS = YES_ERROR;
				CLANG_WARN_UNREACHABLE_CODE = YES;
				CLANG_WARN__DUPLICATE_METHOD_MATCH = YES;
				"CODE_SIGN_IDENTITY[sdk=iphoneos*]" = "iPhone Developer";
				COPY_PHASE_STRIP = NO;
				DEBUG_INFORMATION_FORMAT = dwarf;
				ENABLE_STRICT_OBJC_MSGSEND = YES;
				ENABLE_TESTABILITY = YES;
				GCC_C_LANGUAGE_STANDARD = gnu99;
				GCC_DYNAMIC_NO_PIC = NO;
				GCC_NO_COMMON_BLOCKS = YES;
				GCC_OPTIMIZATION_LEVEL = 0;
				GCC_PREPROCESSOR_DEFINITIONS = (
					"DEBUG=1",
					"$(inherited)",
				);
				GCC_WARN_64_TO_32_BIT_CONVERSION = YES;
				GCC_WARN_ABOUT_RETURN_TYPE = YES_ERROR;
				GCC_WARN_UNDECLARED_SELECTOR = YES;
				GCC_WARN_UNINITIALIZED_AUTOS = YES_AGGRESSIVE;
				GCC_WARN_UNUSED_FUNCTION = YES;
				GCC_WARN_UNUSED_VARIABLE = YES;
				IPHONEOS_DEPLOYMENT_TARGET = 9.0;
				MTL_ENABLE_DEBUG_INFO = YES;
				ONLY_ACTIVE_ARCH = YES;
				SDKROOT = iphoneos;
				SWIFT_OPTIMIZATION_LEVEL = "-Onone";
			};
			name = Debug;
		};
		F7089BE71C88308700FD4BA7 /* Release */ = {
			isa = XCBuildConfiguration;
			buildSettings = {
				ALWAYS_SEARCH_USER_PATHS = NO;
				CLANG_CXX_LANGUAGE_STANDARD = "gnu++0x";
				CLANG_CXX_LIBRARY = "libc++";
				CLANG_ENABLE_MODULES = YES;
				CLANG_ENABLE_OBJC_ARC = YES;
				CLANG_WARN_BOOL_CONVERSION = YES;
				CLANG_WARN_CONSTANT_CONVERSION = YES;
				CLANG_WARN_DIRECT_OBJC_ISA_USAGE = YES_ERROR;
				CLANG_WARN_EMPTY_BODY = YES;
				CLANG_WARN_ENUM_CONVERSION = YES;
				CLANG_WARN_INT_CONVERSION = YES;
				CLANG_WARN_OBJC_ROOT_CLASS = YES_ERROR;
				CLANG_WARN_UNREACHABLE_CODE = YES;
				CLANG_WARN__DUPLICATE_METHOD_MATCH = YES;
				"CODE_SIGN_IDENTITY[sdk=iphoneos*]" = "iPhone Developer";
				COPY_PHASE_STRIP = NO;
				DEBUG_INFORMATION_FORMAT = "dwarf-with-dsym";
				ENABLE_NS_ASSERTIONS = NO;
				ENABLE_STRICT_OBJC_MSGSEND = YES;
				GCC_C_LANGUAGE_STANDARD = gnu99;
				GCC_NO_COMMON_BLOCKS = YES;
				GCC_WARN_64_TO_32_BIT_CONVERSION = YES;
				GCC_WARN_ABOUT_RETURN_TYPE = YES_ERROR;
				GCC_WARN_UNDECLARED_SELECTOR = YES;
				GCC_WARN_UNINITIALIZED_AUTOS = YES_AGGRESSIVE;
				GCC_WARN_UNUSED_FUNCTION = YES;
				GCC_WARN_UNUSED_VARIABLE = YES;
				IPHONEOS_DEPLOYMENT_TARGET = 9.0;
				MTL_ENABLE_DEBUG_INFO = NO;
				SDKROOT = iphoneos;
				VALIDATE_PRODUCT = YES;
			};
			name = Release;
		};
		F7089BE91C88308700FD4BA7 /* Debug */ = {
			isa = XCBuildConfiguration;
			buildSettings = {
				ASSETCATALOG_COMPILER_APPICON_NAME = AppIcon;
				INFOPLIST_FILE = tableviewexample/Info.plist;
				LD_RUNPATH_SEARCH_PATHS = "$(inherited) @executable_path/Frameworks";
				PRODUCT_BUNDLE_IDENTIFIER = V2Solutions.tableviewexample;
				PRODUCT_NAME = "$(TARGET_NAME)";
			};
			name = Debug;
		};
		F7089BEA1C88308700FD4BA7 /* Release */ = {
			isa = XCBuildConfiguration;
			buildSettings = {
				ASSETCATALOG_COMPILER_APPICON_NAME = AppIcon;
				INFOPLIST_FILE = tableviewexample/Info.plist;
				LD_RUNPATH_SEARCH_PATHS = "$(inherited) @executable_path/Frameworks";
				PRODUCT_BUNDLE_IDENTIFIER = V2Solutions.tableviewexample;
				PRODUCT_NAME = "$(TARGET_NAME)";
			};
			name = Release;
		};
/* End XCBuildConfiguration section */

/* Begin XCConfigurationList section */
		F7089BD11C88308700FD4BA7 /* Build configuration list for PBXProject "tableviewexample" */ = {
			isa = XCConfigurationList;
			buildConfigurations = (
				F7089BE61C88308700FD4BA7 /* Debug */,
				F7089BE71C88308700FD4BA7 /* Release */,
			);
			defaultConfigurationIsVisible = 0;
			defaultConfigurationName = Release;
		};
		F7089BE81C88308700FD4BA7 /* Build configuration list for PBXNativeTarget "tableviewexample" */ = {
			isa = XCConfigurationList;
			buildConfigurations = (
				F7089BE91C88308700FD4BA7 /* Debug */,
				F7089BEA1C88308700FD4BA7 /* Release */,
			);
			defaultConfigurationIsVisible = 0;
			defaultConfigurationName = Release;
		};
/* End XCConfigurationList section */
	};
	rootObject = F7089BCE1C88308700FD4BA7 /* Project object */;
}
